
Microsoft Visual Studio Solution File, Format Version 12.00
# Visual Studio Version 17
VisualStudioVersion = 17.9.34701.34
MinimumVisualStudioVersion = 10.0.40219.1
Project("{FAE04EC0-301F-11D3-BF4B-00C04F79EFBC}") = "GymTracker2", "GymTracker2.csproj", "{229C9EAF-7623-453F-9739-DA1316ADA295}"
EndProject
Global
	GlobalSection(SolutionConfigurationPlatforms) = preSolution
		Debug|Any CPU = Debug|Any CPU
		Release|Any CPU = Release|Any CPU
	EndGlobalSection
	GlobalSection(ProjectConfigurationPlatforms) = postSolution
		{229C9EAF-7623-453F-9739-DA1316ADA295}.Debug|Any CPU.ActiveCfg = Debug|Any CPU
		{229C9EAF-7623-453F-9739-DA1316ADA295}.Debug|Any CPU.Build.0 = Debug|Any CPU
		{229C9EAF-7623-453F-9739-DA1316ADA295}.Release|Any CPU.ActiveCfg = Release|Any CPU
		{229C9EAF-7623-453F-9739-DA1316ADA295}.Release|Any CPU.Build.0 = Release|Any CPU
	EndGlobalSection
	GlobalSection(SolutionProperties) = preSolution
		HideSolutionNode = FALSE
	EndGlobalSection
	GlobalSection(ExtensibilityGlobals) = postSolution
		SolutionGuid = {00317201-E30E-4F78-A15A-D1E82CD54ED2}
	EndGlobalSection
EndGlobal
